
Microsoft Visual Studio Solution File, Format Version 12.00
# Visual Studio Version 16
VisualStudioVersion = 16.0.31019.35
MinimumVisualStudioVersion = 10.0.40219.1
Project("{FAE04EC0-301F-11D3-BF4B-00C04F79EFBC}") = "Phase Problem", "Phase Problem\Phase Problem.csproj", "{91DB7D10-9521-48EB-A6E1-E33CC6FC681B}"
EndProject
Global
	GlobalSection(SolutionConfigurationPlatforms) = preSolution
		Debug|Any CPU = Debug|Any CPU
		Release|Any CPU = Release|Any CPU
	EndGlobalSection
	GlobalSection(ProjectConfigurationPlatforms) = postSolution
		{91DB7D10-9521-48EB-A6E1-E33CC6FC681B}.Debug|Any CPU.ActiveCfg = Debug|Any CPU
		{91DB7D10-9521-48EB-A6E1-E33CC6FC681B}.Debug|Any CPU.Build.0 = Debug|Any CPU
		{91DB7D10-9521-48EB-A6E1-E33CC6FC681B}.Release|Any CPU.ActiveCfg = Release|Any CPU
		{91DB7D10-9521-48EB-A6E1-E33CC6FC681B}.Release|Any CPU.Build.0 = Release|Any CPU
	EndGlobalSection
	GlobalSection(SolutionProperties) = preSolution
		HideSolutionNode = FALSE
	EndGlobalSection
	GlobalSection(ExtensibilityGlobals) = postSolution
		SolutionGuid = {2A89751E-A056-4174-B065-9761EB305565}
	EndGlobalSection
EndGlobal
